// !$*UTF8*$!
{
	archiveVersion = 1;
	classes = {
	};
	objectVersion = 56;
	objects = {

/* Begin PBXBuildFile section */
		A57D73432C9C6D0400852295 /* AppDelegate.swift in Sources */ = {isa = PBXBuildFile; fileRef = A57D73422C9C6D0400852295 /* AppDelegate.swift */; };
		A57D73452C9C6D0400852295 /* SceneDelegate.swift in Sources */ = {isa = PBXBuildFile; fileRef = A57D73442C9C6D0400852295 /* SceneDelegate.swift */; };
		A57D73472C9C6D0400852295 /* ViewController.swift in Sources */ = {isa = PBXBuildFile; fileRef = A57D73462C9C6D0400852295 /* ViewController.swift */; };
		A57D734A2C9C6D0400852295 /* Base in Resources */ = {isa = PBXBuildFile; fileRef = A57D73492C9C6D0400852295 /* Base */; };
		A57D734C2C9C6D0500852295 /* Assets.xcassets in Resources */ = {isa = PBXBuildFile; fileRef = A57D734B2C9C6D0500852295 /* Assets.xcassets */; };
		A57D734F2C9C6D0500852295 /* Base in Resources */ = {isa = PBXBuildFile; fileRef = A57D734E2C9C6D0500852295 /* Base */; };
		A57D735A2C9C6D0600852295 /* APIMockProtocolTests.swift in Sources */ = {isa = PBXBuildFile; fileRef = A57D73592C9C6D0600852295 /* APIMockProtocolTests.swift */; };
		A57D73642C9C6D0600852295 /* APIMockProtocolUITests.swift in Sources */ = {isa = PBXBuildFile; fileRef = A57D73632C9C6D0600852295 /* APIMockProtocolUITests.swift */; };
		A57D73662C9C6D0600852295 /* APIMockProtocolUITestsLaunchTests.swift in Sources */ = {isa = PBXBuildFile; fileRef = A57D73652C9C6D0600852295 /* APIMockProtocolUITestsLaunchTests.swift */; };
/* End PBXBuildFile section */

/* Begin PBXContainerItemProxy section */
		A57D73562C9C6D0600852295 /* PBXContainerItemProxy */ = {
			isa = PBXContainerItemProxy;
			containerPortal = A57D73372C9C6D0400852295 /* Project object */;
			proxyType = 1;
			remoteGlobalIDString = A57D733E2C9C6D0400852295;
			remoteInfo = APIMockProtocol;
		};
		A57D73602C9C6D0600852295 /* PBXContainerItemProxy */ = {
			isa = PBXContainerItemProxy;
			containerPortal = A57D73372C9C6D0400852295 /* Project object */;
			proxyType = 1;
			remoteGlobalIDString = A57D733E2C9C6D0400852295;
			remoteInfo = APIMockProtocol;
		};
/* End PBXContainerItemProxy section */

/* Begin PBXFileReference section */
		A57D733F2C9C6D0400852295 /* APIMockProtocol.app */ = {isa = PBXFileReference; explicitFileType = wrapper.application; includeInIndex = 0; path = APIMockProtocol.app; sourceTree = BUILT_PRODUCTS_DIR; };
		A57D73422C9C6D0400852295 /* AppDelegate.swift */ = {isa = PBXFileReference; lastKnownFileType = sourcecode.swift; path = AppDelegate.swift; sourceTree = "<group>"; };
		A57D73442C9C6D0400852295 /* SceneDelegate.swift */ = {isa = PBXFileReference; lastKnownFileType = sourcecode.swift; path = SceneDelegate.swift; sourceTree = "<group>"; };
		A57D73462C9C6D0400852295 /* ViewController.swift */ = {isa = PBXFileReference; lastKnownFileType = sourcecode.swift; path = ViewController.swift; sourceTree = "<group>"; };
		A57D73492C9C6D0400852295 /* Base */ = {isa = PBXFileReference; lastKnownFileType = file.storyboard; name = Base; path = Base.lproj/Main.storyboard; sourceTree = "<group>"; };
		A57D734B2C9C6D0500852295 /* Assets.xcassets */ = {isa = PBXFileReference; lastKnownFileType = folder.assetcatalog; path = Assets.xcassets; sourceTree = "<group>"; };
		A57D734E2C9C6D0500852295 /* Base */ = {isa = PBXFileReference; lastKnownFileType = file.storyboard; name = Base; path = Base.lproj/LaunchScreen.storyboard; sourceTree = "<group>"; };
		A57D73502C9C6D0500852295 /* Info.plist */ = {isa = PBXFileReference; lastKnownFileType = text.plist.xml; path = Info.plist; sourceTree = "<group>"; };
		A57D73552C9C6D0600852295 /* APIMockProtocolTests.xctest */ = {isa = PBXFileReference; explicitFileType = wrapper.cfbundle; includeInIndex = 0; path = APIMockProtocolTests.xctest; sourceTree = BUILT_PRODUCTS_DIR; };
		A57D73592C9C6D0600852295 /* APIMockProtocolTests.swift */ = {isa = PBXFileReference; lastKnownFileType = sourcecode.swift; path = APIMockProtocolTests.swift; sourceTree = "<group>"; };
		A57D735F2C9C6D0600852295 /* APIMockProtocolUITests.xctest */ = {isa = PBXFileReference; explicitFileType = wrapper.cfbundle; includeInIndex = 0; path = APIMockProtocolUITests.xctest; sourceTree = BUILT_PRODUCTS_DIR; };
		A57D73632C9C6D0600852295 /* APIMockProtocolUITests.swift */ = {isa = PBXFileReference; lastKnownFileType = sourcecode.swift; path = APIMockProtocolUITests.swift; sourceTree = "<group>"; };
		A57D73652C9C6D0600852295 /* APIMockProtocolUITestsLaunchTests.swift */ = {isa = PBXFileReference; lastKnownFileType = sourcecode.swift; path = APIMockProtocolUITestsLaunchTests.swift; sourceTree = "<group>"; };
/* End PBXFileReference section */

/* Begin PBXFrameworksBuildPhase section */
		A57D733C2C9C6D0400852295 /* Frameworks */ = {
			isa = PBXFrameworksBuildPhase;
			buildActionMask = 2147483647;
			files = (
			);
			runOnlyForDeploymentPostprocessing = 0;
		};
		A57D73522C9C6D0600852295 /* Frameworks */ = {
			isa = PBXFrameworksBuildPhase;
			buildActionMask = 2147483647;
			files = (
			);
			runOnlyForDeploymentPostprocessing = 0;
		};
		A57D735C2C9C6D0600852295 /* Frameworks */ = {
			isa = PBXFrameworksBuildPhase;
			buildActionMask = 2147483647;
			files = (
			);
			runOnlyForDeploymentPostprocessing = 0;
		};
/* End PBXFrameworksBuildPhase section */

/* Begin PBXGroup section */
		A57D73362C9C6D0400852295 = {
			isa = PBXGroup;
			children = (
				A57D73412C9C6D0400852295 /* APIMockProtocol */,
				A57D73582C9C6D0600852295 /* APIMockProtocolTests */,
				A57D73622C9C6D0600852295 /* APIMockProtocolUITests */,
				A57D73402C9C6D0400852295 /* Products */,
			);
			sourceTree = "<group>";
		};
		A57D73402C9C6D0400852295 /* Products */ = {
			isa = PBXGroup;
			children = (
				A57D733F2C9C6D0400852295 /* APIMockProtocol.app */,
				A57D73552C9C6D0600852295 /* APIMockProtocolTests.xctest */,
				A57D735F2C9C6D0600852295 /* APIMockProtocolUITests.xctest */,
			);
			name = Products;
			sourceTree = "<group>";
		};
		A57D73412C9C6D0400852295 /* APIMockProtocol */ = {
			isa = PBXGroup;
			children = (
				A57D73422C9C6D0400852295 /* AppDelegate.swift */,
				A57D73442C9C6D0400852295 /* SceneDelegate.swift */,
				A57D73462C9C6D0400852295 /* ViewController.swift */,
				A57D73482C9C6D0400852295 /* Main.storyboard */,
				A57D734B2C9C6D0500852295 /* Assets.xcassets */,
				A57D734D2C9C6D0500852295 /* LaunchScreen.storyboard */,
				A57D73502C9C6D0500852295 /* Info.plist */,
			);
			path = APIMockProtocol;
			sourceTree = "<group>";
		};
		A57D73582C9C6D0600852295 /* APIMockProtocolTests */ = {
			isa = PBXGroup;
			children = (
				A57D73592C9C6D0600852295 /* APIMockProtocolTests.swift */,
			);
			path = APIMockProtocolTests;
			sourceTree = "<group>";
		};
		A57D73622C9C6D0600852295 /* APIMockProtocolUITests */ = {
			isa = PBXGroup;
			children = (
				A57D73632C9C6D0600852295 /* APIMockProtocolUITests.swift */,
				A57D73652C9C6D0600852295 /* APIMockProtocolUITestsLaunchTests.swift */,
			);
			path = APIMockProtocolUITests;
			sourceTree = "<group>";
		};
/* End PBXGroup section */

/* Begin PBXNativeTarget section */
		A57D733E2C9C6D0400852295 /* APIMockProtocol */ = {
			isa = PBXNativeTarget;
			buildConfigurationList = A57D73692C9C6D0600852295 /* Build configuration list for PBXNativeTarget "APIMockProtocol" */;
			buildPhases = (
				A57D733B2C9C6D0400852295 /* Sources */,
				A57D733C2C9C6D0400852295 /* Frameworks */,
				A57D733D2C9C6D0400852295 /* Resources */,
			);
			buildRules = (
			);
			dependencies = (
			);
			name = APIMockProtocol;
			productName = APIMockProtocol;
			productReference = A57D733F2C9C6D0400852295 /* APIMockProtocol.app */;
			productType = "com.apple.product-type.application";
		};
		A57D73542C9C6D0600852295 /* APIMockProtocolTests */ = {
			isa = PBXNativeTarget;
			buildConfigurationList = A57D736C2C9C6D0600852295 /* Build configuration list for PBXNativeTarget "APIMockProtocolTests" */;
			buildPhases = (
				A57D73512C9C6D0600852295 /* Sources */,
				A57D73522C9C6D0600852295 /* Frameworks */,
				A57D73532C9C6D0600852295 /* Resources */,
			);
			buildRules = (
			);
			dependencies = (
				A57D73572C9C6D0600852295 /* PBXTargetDependency */,
			);
			name = APIMockProtocolTests;
			productName = APIMockProtocolTests;
			productReference = A57D73552C9C6D0600852295 /* APIMockProtocolTests.xctest */;
			productType = "com.apple.product-type.bundle.unit-test";
		};
		A57D735E2C9C6D0600852295 /* APIMockProtocolUITests */ = {
			isa = PBXNativeTarget;
			buildConfigurationList = A57D736F2C9C6D0600852295 /* Build configuration list for PBXNativeTarget "APIMockProtocolUITests" */;
			buildPhases = (
				A57D735B2C9C6D0600852295 /* Sources */,
				A57D735C2C9C6D0600852295 /* Frameworks */,
				A57D735D2C9C6D0600852295 /* Resources */,
			);
			buildRules = (
			);
			dependencies = (
				A57D73612C9C6D0600852295 /* PBXTargetDependency */,
			);
			name = APIMockProtocolUITests;
			productName = APIMockProtocolUITests;
			productReference = A57D735F2C9C6D0600852295 /* APIMockProtocolUITests.xctest */;
			productType = "com.apple.product-type.bundle.ui-testing";
		};
/* End PBXNativeTarget section */

/* Begin PBXProject section */
		A57D73372C9C6D0400852295 /* Project object */ = {
			isa = PBXProject;
			attributes = {
				BuildIndependentTargetsInParallel = 1;
				LastSwiftUpdateCheck = 1540;
				LastUpgradeCheck = 1540;
				TargetAttributes = {
					A57D733E2C9C6D0400852295 = {
						CreatedOnToolsVersion = 15.4;
					};
					A57D73542C9C6D0600852295 = {
						CreatedOnToolsVersion = 15.4;
						TestTargetID = A57D733E2C9C6D0400852295;
					};
					A57D735E2C9C6D0600852295 = {
						CreatedOnToolsVersion = 15.4;
						TestTargetID = A57D733E2C9C6D0400852295;
					};
				};
			};
			buildConfigurationList = A57D733A2C9C6D0400852295 /* Build configuration list for PBXProject "APIMockProtocol" */;
			compatibilityVersion = "Xcode 14.0";
			developmentRegion = en;
			hasScannedForEncodings = 0;
			knownRegions = (
				en,
				Base,
			);
			mainGroup = A57D73362C9C6D0400852295;
			productRefGroup = A57D73402C9C6D0400852295 /* Products */;
			projectDirPath = "";
			projectRoot = "";
			targets = (
				A57D733E2C9C6D0400852295 /* APIMockProtocol */,
				A57D73542C9C6D0600852295 /* APIMockProtocolTests */,
				A57D735E2C9C6D0600852295 /* APIMockProtocolUITests */,
			);
		};
/* End PBXProject section */

/* Begin PBXResourcesBuildPhase section */
		A57D733D2C9C6D0400852295 /* Resources */ = {
			isa = PBXResourcesBuildPhase;
			buildActionMask = 2147483647;
			files = (
				A57D734C2C9C6D0500852295 /* Assets.xcassets in Resources */,
				A57D734F2C9C6D0500852295 /* Base in Resources */,
				A57D734A2C9C6D0400852295 /* Base in Resources */,
			);
			runOnlyForDeploymentPostprocessing = 0;
		};
		A57D73532C9C6D0600852295 /* Resources */ = {
			isa = PBXResourcesBuildPhase;
			buildActionMask = 2147483647;
			files = (
			);
			runOnlyForDeploymentPostprocessing = 0;
		};
		A57D735D2C9C6D0600852295 /* Resources */ = {
			isa = PBXResourcesBuildPhase;
			buildActionMask = 2147483647;
			files = (
			);
			runOnlyForDeploymentPostprocessing = 0;
		};
/* End PBXResourcesBuildPhase section */

/* Begin PBXSourcesBuildPhase section */
		A57D733B2C9C6D0400852295 /* Sources */ = {
			isa = PBXSourcesBuildPhase;
			buildActionMask = 2147483647;
			files = (
				A57D73472C9C6D0400852295 /* ViewController.swift in Sources */,
				A57D73432C9C6D0400852295 /* AppDelegate.swift in Sources */,
				A57D73452C9C6D0400852295 /* SceneDelegate.swift in Sources */,
			);
			runOnlyForDeploymentPostprocessing = 0;
		};
		A57D73512C9C6D0600852295 /* Sources */ = {
			isa = PBXSourcesBuildPhase;
			buildActionMask = 2147483647;
			files = (
				A57D735A2C9C6D0600852295 /* APIMockProtocolTests.swift in Sources */,
			);
			runOnlyForDeploymentPostprocessing = 0;
		};
		A57D735B2C9C6D0600852295 /* Sources */ = {
			isa = PBXSourcesBuildPhase;
			buildActionMask = 2147483647;
			files = (
				A57D73642C9C6D0600852295 /* APIMockProtocolUITests.swift in Sources */,
				A57D73662C9C6D0600852295 /* APIMockProtocolUITestsLaunchTests.swift in Sources */,
			);
			runOnlyForDeploymentPostprocessing = 0;
		};
/* End PBXSourcesBuildPhase section */

/* Begin PBXTargetDependency section */
		A57D73572C9C6D0600852295 /* PBXTargetDependency */ = {
			isa = PBXTargetDependency;
			target = A57D733E2C9C6D0400852295 /* APIMockProtocol */;
			targetProxy = A57D73562C9C6D0600852295 /* PBXContainerItemProxy */;
		};
		A57D73612C9C6D0600852295 /* PBXTargetDependency */ = {
			isa = PBXTargetDependency;
			target = A57D733E2C9C6D0400852295 /* APIMockProtocol */;
			targetProxy = A57D73602C9C6D0600852295 /* PBXContainerItemProxy */;
		};
/* End PBXTargetDependency section */

/* Begin PBXVariantGroup section */
		A57D73482C9C6D0400852295 /* Main.storyboard */ = {
			isa = PBXVariantGroup;
			children = (
				A57D73492C9C6D0400852295 /* Base */,
			);
			name = Main.storyboard;
			sourceTree = "<group>";
		};
		A57D734D2C9C6D0500852295 /* LaunchScreen.storyboard */ = {
			isa = PBXVariantGroup;
			children = (
				A57D734E2C9C6D0500852295 /* Base */,
			);
			name = LaunchScreen.storyboard;
			sourceTree = "<group>";
		};
/* End PBXVariantGroup section */

/* Begin XCBuildConfiguration section */
		A57D73672C9C6D0600852295 /* Debug */ = {
			isa = XCBuildConfiguration;
			buildSettings = {
				ALWAYS_SEARCH_USER_PATHS = NO;
				ASSETCATALOG_COMPILER_GENERATE_SWIFT_ASSET_SYMBOL_EXTENSIONS = YES;
				CLANG_ANALYZER_NONNULL = YES;
				CLANG_ANALYZER_NUMBER_OBJECT_CONVERSION = YES_AGGRESSIVE;
				CLANG_CXX_LANGUAGE_STANDARD = "gnu++20";
				CLANG_ENABLE_MODULES = YES;
				CLANG_ENABLE_OBJC_ARC = YES;
				CLANG_ENABLE_OBJC_WEAK = YES;
				CLANG_WARN_BLOCK_CAPTURE_AUTORELEASING = YES;
				CLANG_WARN_BOOL_CONVERSION = YES;
				CLANG_WARN_COMMA = YES;
				CLANG_WARN_CONSTANT_CONVERSION = YES;
				CLANG_WARN_DEPRECATED_OBJC_IMPLEMENTATIONS = YES;
				CLANG_WARN_DIRECT_OBJC_ISA_USAGE = YES_ERROR;
				CLANG_WARN_DOCUMENTATION_COMMENTS = YES;
				CLANG_WARN_EMPTY_BODY = YES;
				CLANG_WARN_ENUM_CONVERSION = YES;
				CLANG_WARN_INFINITE_RECURSION = YES;
				CLANG_WARN_INT_CONVERSION = YES;
				CLANG_WARN_NON_LITERAL_NULL_CONVERSION = YES;
				CLANG_WARN_OBJC_IMPLICIT_RETAIN_SELF = YES;
				CLANG_WARN_OBJC_LITERAL_CONVERSION = YES;
				CLANG_WARN_OBJC_ROOT_CLASS = YES_ERROR;
				CLANG_WARN_QUOTED_INCLUDE_IN_FRAMEWORK_HEADER = YES;
				CLANG_WARN_RANGE_LOOP_ANALYSIS = YES;
				CLANG_WARN_STRICT_PROTOTYPES = YES;
				CLANG_WARN_SUSPICIOUS_MOVE = YES;
				CLANG_WARN_UNGUARDED_AVAILABILITY = YES_AGGRESSIVE;
				CLANG_WARN_UNREACHABLE_CODE = YES;
				CLANG_WARN__DUPLICATE_METHOD_MATCH = YES;
				COPY_PHASE_STRIP = NO;
				DEBUG_INFORMATION_FORMAT = dwarf;
				ENABLE_STRICT_OBJC_MSGSEND = YES;
				ENABLE_TESTABILITY = YES;
				ENABLE_USER_SCRIPT_SANDBOXING = YES;
				GCC_C_LANGUAGE_STANDARD = gnu17;
				GCC_DYNAMIC_NO_PIC = NO;
				GCC_NO_COMMON_BLOCKS = YES;
				GCC_OPTIMIZATION_LEVEL = 0;
				GCC_PREPROCESSOR_DEFINITIONS = (
					"DEBUG=1",
					"$(inherited)",
				);
				GCC_WARN_64_TO_32_BIT_CONVERSION = YES;
				GCC_WARN_ABOUT_RETURN_TYPE = YES_ERROR;
				GCC_WARN_UNDECLARED_SELECTOR = YES;
				GCC_WARN_UNINITIALIZED_AUTOS = YES_AGGRESSIVE;
				GCC_WARN_UNUSED_FUNCTION = YES;
				GCC_WARN_UNUSED_VARIABLE = YES;
				IPHONEOS_DEPLOYMENT_TARGET = 17.5;
				LOCALIZATION_PREFERS_STRING_CATALOGS = YES;
				MTL_ENABLE_DEBUG_INFO = INCLUDE_SOURCE;
				MTL_FAST_MATH = YES;
				ONLY_ACTIVE_ARCH = YES;
				SDKROOT = iphoneos;
				SWIFT_ACTIVE_COMPILATION_CONDITIONS = "DEBUG $(inherited)";
				SWIFT_OPTIMIZATION_LEVEL = "-Onone";
			};
			name = Debug;
		};
		A57D73682C9C6D0600852295 /* Release */ = {
			isa = XCBuildConfiguration;
			buildSettings = {
				ALWAYS_SEARCH_USER_PATHS = NO;
				ASSETCATALOG_COMPILER_GENERATE_SWIFT_ASSET_SYMBOL_EXTENSIONS = YES;
				CLANG_ANALYZER_NONNULL = YES;
				CLANG_ANALYZER_NUMBER_OBJECT_CONVERSION = YES_AGGRESSIVE;
				CLANG_CXX_LANGUAGE_STANDARD = "gnu++20";
				CLANG_ENABLE_MODULES = YES;
				CLANG_ENABLE_OBJC_ARC = YES;
				CLANG_ENABLE_OBJC_WEAK = YES;
				CLANG_WARN_BLOCK_CAPTURE_AUTORELEASING = YES;
				CLANG_WARN_BOOL_CONVERSION = YES;
				CLANG_WARN_COMMA = YES;
				CLANG_WARN_CONSTANT_CONVERSION = YES;
				CLANG_WARN_DEPRECATED_OBJC_IMPLEMENTATIONS = YES;
				CLANG_WARN_DIRECT_OBJC_ISA_USAGE = YES_ERROR;
				CLANG_WARN_DOCUMENTATION_COMMENTS = YES;
				CLANG_WARN_EMPTY_BODY = YES;
				CLANG_WARN_ENUM_CONVERSION = YES;
				CLANG_WARN_INFINITE_RECURSION = YES;
				CLANG_WARN_INT_CONVERSION = YES;
				CLANG_WARN_NON_LITERAL_NULL_CONVERSION = YES;
				CLANG_WARN_OBJC_IMPLICIT_RETAIN_SELF = YES;
				CLANG_WARN_OBJC_LITERAL_CONVERSION = YES;
				CLANG_WARN_OBJC_ROOT_CLASS = YES_ERROR;
				CLANG_WARN_QUOTED_INCLUDE_IN_FRAMEWORK_HEADER = YES;
				CLANG_WARN_RANGE_LOOP_ANALYSIS = YES;
				CLANG_WARN_STRICT_PROTOTYPES = YES;
				CLANG_WARN_SUSPICIOUS_MOVE = YES;
				CLANG_WARN_UNGUARDED_AVAILABILITY = YES_AGGRESSIVE;
				CLANG_WARN_UNREACHABLE_CODE = YES;
				CLANG_WARN__DUPLICATE_METHOD_MATCH = YES;
				COPY_PHASE_STRIP = NO;
				DEBUG_INFORMATION_FORMAT = "dwarf-with-dsym";
				ENABLE_NS_ASSERTIONS = NO;
				ENABLE_STRICT_OBJC_MSGSEND = YES;
				ENABLE_USER_SCRIPT_SANDBOXING = YES;
				GCC_C_LANGUAGE_STANDARD = gnu17;
				GCC_NO_COMMON_BLOCKS = YES;
				GCC_WARN_64_TO_32_BIT_CONVERSION = YES;
				GCC_WARN_ABOUT_RETURN_TYPE = YES_ERROR;
				GCC_WARN_UNDECLARED_SELECTOR = YES;
				GCC_WARN_UNINITIALIZED_AUTOS = YES_AGGRESSIVE;
				GCC_WARN_UNUSED_FUNCTION = YES;
				GCC_WARN_UNUSED_VARIABLE = YES;
				IPHONEOS_DEPLOYMENT_TARGET = 17.5;
				LOCALIZATION_PREFERS_STRING_CATALOGS = YES;
				MTL_ENABLE_DEBUG_INFO = NO;
				MTL_FAST_MATH = YES;
				SDKROOT = iphoneos;
				SWIFT_COMPILATION_MODE = wholemodule;
				VALIDATE_PRODUCT = YES;
			};
			name = Release;
		};
		A57D736A2C9C6D0600852295 /* Debug */ = {
			isa = XCBuildConfiguration;
			buildSettings = {
				ASSETCATALOG_COMPILER_APPICON_NAME = AppIcon;
				ASSETCATALOG_COMPILER_GLOBAL_ACCENT_COLOR_NAME = AccentColor;
				CODE_SIGN_STYLE = Automatic;
				CURRENT_PROJECT_VERSION = 1;
				GENERATE_INFOPLIST_FILE = YES;
				INFOPLIST_FILE = APIMockProtocol/Info.plist;
				INFOPLIST_KEY_UIApplicationSupportsIndirectInputEvents = YES;
				INFOPLIST_KEY_UILaunchStoryboardName = LaunchScreen;
				INFOPLIST_KEY_UIMainStoryboardFile = Main;
				INFOPLIST_KEY_UISupportedInterfaceOrientations_iPad = "UIInterfaceOrientationPortrait UIInterfaceOrientationPortraitUpsideDown UIInterfaceOrientationLandscapeLeft UIInterfaceOrientationLandscapeRight";
				INFOPLIST_KEY_UISupportedInterfaceOrientations_iPhone = "UIInterfaceOrientationPortrait UIInterfaceOrientationLandscapeLeft UIInterfaceOrientationLandscapeRight";
				LD_RUNPATH_SEARCH_PATHS = (
					"$(inherited)",
					"@executable_path/Frameworks",
				);
				MARKETING_VERSION = 1.0;
				PRODUCT_BUNDLE_IDENTIFIER = com.APIMockProtocol;
				PRODUCT_NAME = "$(TARGET_NAME)";
				SWIFT_EMIT_LOC_STRINGS = YES;
				SWIFT_VERSION = 5.0;
				TARGETED_DEVICE_FAMILY = "1,2";
			};
			name = Debug;
		};
		A57D736B2C9C6D0600852295 /* Release */ = {
			isa = XCBuildConfiguration;
			buildSettings = {
				ASSETCATALOG_COMPILER_APPICON_NAME = AppIcon;
				ASSETCATALOG_COMPILER_GLOBAL_ACCENT_COLOR_NAME = AccentColor;
				CODE_SIGN_STYLE = Automatic;
				CURRENT_PROJECT_VERSION = 1;
				GENERATE_INFOPLIST_FILE = YES;
				INFOPLIST_FILE = APIMockProtocol/Info.plist;
				INFOPLIST_KEY_UIApplicationSupportsIndirectInputEvents = YES;
				INFOPLIST_KEY_UILaunchStoryboardName = LaunchScreen;
				INFOPLIST_KEY_UIMainStoryboardFile = Main;
				INFOPLIST_KEY_UISupportedInterfaceOrientations_iPad = "UIInterfaceOrientationPortrait UIInterfaceOrientationPortraitUpsideDown UIInterfaceOrientationLandscapeLeft UIInterfaceOrientationLandscapeRight";
				INFOPLIST_KEY_UISupportedInterfaceOrientations_iPhone = "UIInterfaceOrientationPortrait UIInterfaceOrientationLandscapeLeft UIInterfaceOrientationLandscapeRight";
				LD_RUNPATH_SEARCH_PATHS = (
					"$(inherited)",
					"@executable_path/Frameworks",
				);
				MARKETING_VERSION = 1.0;
				PRODUCT_BUNDLE_IDENTIFIER = com.APIMockProtocol;
				PRODUCT_NAME = "$(TARGET_NAME)";
				SWIFT_EMIT_LOC_STRINGS = YES;
				SWIFT_VERSION = 5.0;
				TARGETED_DEVICE_FAMILY = "1,2";
			};
			name = Release;
		};
		A57D736D2C9C6D0600852295 /* Debug */ = {
			isa = XCBuildConfiguration;
			buildSettings = {
				ALWAYS_EMBED_SWIFT_STANDARD_LIBRARIES = YES;
				BUNDLE_LOADER = "$(TEST_HOST)";
				CODE_SIGN_STYLE = Automatic;
				CURRENT_PROJECT_VERSION = 1;
				GENERATE_INFOPLIST_FILE = YES;
				IPHONEOS_DEPLOYMENT_TARGET = 17.5;
				MARKETING_VERSION = 1.0;
				PRODUCT_BUNDLE_IDENTIFIER = com.APIMockProtocolTests;
				PRODUCT_NAME = "$(TARGET_NAME)";
				SWIFT_EMIT_LOC_STRINGS = NO;
				SWIFT_VERSION = 5.0;
				TARGETED_DEVICE_FAMILY = "1,2";
				TEST_HOST = "$(BUILT_PRODUCTS_DIR)/APIMockProtocol.app/$(BUNDLE_EXECUTABLE_FOLDER_PATH)/APIMockProtocol";
			};
			name = Debug;
		};
		A57D736E2C9C6D0600852295 /* Release */ = {
			isa = XCBuildConfiguration;
			buildSettings = {
				ALWAYS_EMBED_SWIFT_STANDARD_LIBRARIES = YES;
				BUNDLE_LOADER = "$(TEST_HOST)";
				CODE_SIGN_STYLE = Automatic;
				CURRENT_PROJECT_VERSION = 1;
				GENERATE_INFOPLIST_FILE = YES;
				IPHONEOS_DEPLOYMENT_TARGET = 17.5;
				MARKETING_VERSION = 1.0;
				PRODUCT_BUNDLE_IDENTIFIER = com.APIMockProtocolTests;
				PRODUCT_NAME = "$(TARGET_NAME)";
				SWIFT_EMIT_LOC_STRINGS = NO;
				SWIFT_VERSION = 5.0;
				TARGETED_DEVICE_FAMILY = "1,2";
				TEST_HOST = "$(BUILT_PRODUCTS_DIR)/APIMockProtocol.app/$(BUNDLE_EXECUTABLE_FOLDER_PATH)/APIMockProtocol";
			};
			name = Release;
		};
		A57D73702C9C6D0600852295 /* Debug */ = {
			isa = XCBuildConfiguration;
			buildSettings = {
				ALWAYS_EMBED_SWIFT_STANDARD_LIBRARIES = YES;
				CODE_SIGN_STYLE = Automatic;
				CURRENT_PROJECT_VERSION = 1;
				GENERATE_INFOPLIST_FILE = YES;
				MARKETING_VERSION = 1.0;
				PRODUCT_BUNDLE_IDENTIFIER = com.APIMockProtocolUITests;
				PRODUCT_NAME = "$(TARGET_NAME)";
				SWIFT_EMIT_LOC_STRINGS = NO;
				SWIFT_VERSION = 5.0;
				TARGETED_DEVICE_FAMILY = "1,2";
				TEST_TARGET_NAME = APIMockProtocol;
			};
			name = Debug;
		};
		A57D73712C9C6D0600852295 /* Release */ = {
			isa = XCBuildConfiguration;
			buildSettings = {
				ALWAYS_EMBED_SWIFT_STANDARD_LIBRARIES = YES;
				CODE_SIGN_STYLE = Automatic;
				CURRENT_PROJECT_VERSION = 1;
				GENERATE_INFOPLIST_FILE = YES;
				MARKETING_VERSION = 1.0;
				PRODUCT_BUNDLE_IDENTIFIER = com.APIMockProtocolUITests;
				PRODUCT_NAME = "$(TARGET_NAME)";
				SWIFT_EMIT_LOC_STRINGS = NO;
				SWIFT_VERSION = 5.0;
				TARGETED_DEVICE_FAMILY = "1,2";
				TEST_TARGET_NAME = APIMockProtocol;
			};
			name = Release;
		};
/* End XCBuildConfiguration section */

/* Begin XCConfigurationList section */
		A57D733A2C9C6D0400852295 /* Build configuration list for PBXProject "APIMockProtocol" */ = {
			isa = XCConfigurationList;
			buildConfigurations = (
				A57D73672C9C6D0600852295 /* Debug */,
				A57D73682C9C6D0600852295 /* Release */,
			);
			defaultConfigurationIsVisible = 0;
			defaultConfigurationName = Release;
		};
		A57D73692C9C6D0600852295 /* Build configuration list for PBXNativeTarget "APIMockProtocol" */ = {
			isa = XCConfigurationList;
			buildConfigurations = (
				A57D736A2C9C6D0600852295 /* Debug */,
				A57D736B2C9C6D0600852295 /* Release */,
			);
			defaultConfigurationIsVisible = 0;
			defaultConfigurationName = Release;
		};
		A57D736C2C9C6D0600852295 /* Build configuration list for PBXNativeTarget "APIMockProtocolTests" */ = {
			isa = XCConfigurationList;
			buildConfigurations = (
				A57D736D2C9C6D0600852295 /* Debug */,
				A57D736E2C9C6D0600852295 /* Release */,
			);
			defaultConfigurationIsVisible = 0;
			defaultConfigurationName = Release;
		};
		A57D736F2C9C6D0600852295 /* Build configuration list for PBXNativeTarget "APIMockProtocolUITests" */ = {
			isa = XCConfigurationList;
			buildConfigurations = (
				A57D73702C9C6D0600852295 /* Debug */,
				A57D73712C9C6D0600852295 /* Release */,
			);
			defaultConfigurationIsVisible = 0;
			defaultConfigurationName = Release;
		};
/* End XCConfigurationList section */
	};
	rootObject = A57D73372C9C6D0400852295 /* Project object */;
}
